// !$*UTF8*$!
{
	archiveVersion = 1;
	classes = {
	};
	objectVersion = 56;
	objects = {

/* Begin PBXBuildFile section */
		4D61304D2F61B015004069C8 /* DoMoreListApp.swift in Sources */ = {isa = PBXBuildFile; fileRef = 4D61304C2F61B015004069C8 /* DoMoreListApp.swift */; };
		4D6130512F61B01A004069C8 /* Assets.xcassets in Resources */ = {isa = PBXBuildFile; fileRef = 4D6130502F61B01A004069C8 /* Assets.xcassets */; };
		4D6130542F61B01A004069C8 /* Preview Assets.xcassets in Resources */ = {isa = PBXBuildFile; fileRef = 4D6130532F61B01A004069C8 /* Preview Assets.xcassets */; };
		4D61305C2F61B507004069C8 /* ListView.swift in Sources */ = {isa = PBXBuildFile; fileRef = 4D61305B2F61B507004069C8 /* ListView.swift */; };
		4D61305E2F61B7E7004069C8 /* CreateView.swift in Sources */ = {isa = PBXBuildFile; fileRef = 4D61305D2F61B7E7004069C8 /* CreateView.swift */; };
		4D6130612F61BA83004069C8 /* TaskModel.swift in Sources */ = {isa = PBXBuildFile; fileRef = 4D6130602F61BA83004069C8 /* TaskModel.swift */; };
		4D6130652F61BBA3004069C8 /* TaskViewModel.swift in Sources */ = {isa = PBXBuildFile; fileRef = 4D6130642F61BBA3004069C8 /* TaskViewModel.swift */; };
		4D6130672F61C1BB004069C8 /* TaskListView.swift in Sources */ = {isa = PBXBuildFile; fileRef = 4D6130662F61C1BB004069C8 /* TaskListView.swift */; };
		4D6130692F61C514004069C8 /* UpdateView.swift in Sources */ = {isa = PBXBuildFile; fileRef = 4D6130682F61C514004069C8 /* UpdateView.swift */; };
		4DDF883C2F62802A00B7D877 /* SubTaskModel.swift in Sources */ = {isa = PBXBuildFile; fileRef = 4DDF883B2F62802A00B7D877 /* SubTaskModel.swift */; };
		4DDF883E2F629A0800B7D877 /* SubTaskListView.swift in Sources */ = {isa = PBXBuildFile; fileRef = 4DDF883D2F629A0800B7D877 /* SubTaskListView.swift */; };
/* End PBXBuildFile section */

/* Begin PBXFileReference section */
		4D6130492F61B015004069C8 /* DoMoreList.app */ = {isa = PBXFileReference; explicitFileType = wrapper.application; includeInIndex = 0; path = DoMoreList.app; sourceTree = BUILT_PRODUCTS_DIR; };
		4D61304C2F61B015004069C8 /* DoMoreListApp.swift */ = {isa = PBXFileReference; lastKnownFileType = sourcecode.swift; path = DoMoreListApp.swift; sourceTree = "<group>"; };
		4D6130502F61B01A004069C8 /* Assets.xcassets */ = {isa = PBXFileReference; lastKnownFileType = folder.assetcatalog; path = Assets.xcassets; sourceTree = "<group>"; };
		4D6130532F61B01A004069C8 /* Preview Assets.xcassets */ = {isa = PBXFileReference; lastKnownFileType = folder.assetcatalog; path = "Preview Assets.xcassets"; sourceTree = "<group>"; };
		4D61305B2F61B507004069C8 /* ListView.swift */ = {isa = PBXFileReference; lastKnownFileType = sourcecode.swift; path = ListView.swift; sourceTree = "<group>"; };
		4D61305D2F61B7E7004069C8 /* CreateView.swift */ = {isa = PBXFileReference; lastKnownFileType = sourcecode.swift; path = CreateView.swift; sourceTree = "<group>"; };
		4D6130602F61BA83004069C8 /* TaskModel.swift */ = {isa = PBXFileReference; lastKnownFileType = sourcecode.swift; path = TaskModel.swift; sourceTree = "<group>"; };
		4D6130642F61BBA3004069C8 /* TaskViewModel.swift */ = {isa = PBXFileReference; lastKnownFileType = sourcecode.swift; path = TaskViewModel.swift; sourceTree = "<group>"; };
		4D6130662F61C1BB004069C8 /* TaskListView.swift */ = {isa = PBXFileReference; lastKnownFileType = sourcecode.swift; path = TaskListView.swift; sourceTree = "<group>"; };
		4D6130682F61C514004069C8 /* UpdateView.swift */ = {isa = PBXFileReference; lastKnownFileType = sourcecode.swift; path = UpdateView.swift; sourceTree = "<group>"; };
		4DDF883B2F62802A00B7D877 /* SubTaskModel.swift */ = {isa = PBXFileReference; lastKnownFileType = sourcecode.swift; path = SubTaskModel.swift; sourceTree = "<group>"; };
		4DDF883D2F629A0800B7D877 /* SubTaskListView.swift */ = {isa = PBXFileReference; lastKnownFileType = sourcecode.swift; path = SubTaskListView.swift; sourceTree = "<group>"; };
/* End PBXFileReference section */

/* Begin PBXFrameworksBuildPhase section */
		4D6130462F61B015004069C8 /* Frameworks */ = {
			isa = PBXFrameworksBuildPhase;
			buildActionMask = 2147483647;
			files = (
			);
			runOnlyForDeploymentPostprocessing = 0;
		};
/* End PBXFrameworksBuildPhase section */

/* Begin PBXGroup section */
		4D6130402F61B015004069C8 = {
			isa = PBXGroup;
			children = (
				4D61304B2F61B015004069C8 /* DoMoreList */,
				4D61304A2F61B015004069C8 /* Products */,
			);
			sourceTree = "<group>";
		};
		4D61304A2F61B015004069C8 /* Products */ = {
			isa = PBXGroup;
			children = (
				4D6130492F61B015004069C8 /* DoMoreList.app */,
			);
			name = Products;
			sourceTree = "<group>";
		};
		4D61304B2F61B015004069C8 /* DoMoreList */ = {
			isa = PBXGroup;
			children = (
				4D61304C2F61B015004069C8 /* DoMoreListApp.swift */,
				4D61305F2F61BA47004069C8 /* Models */,
				4D61305A2F61B4EF004069C8 /* Views */,
				4D6130632F61BB64004069C8 /* ViewModels */,
				4D6130502F61B01A004069C8 /* Assets.xcassets */,
				4D6130522F61B01A004069C8 /* Preview Content */,
			);
			path = DoMoreList;
			sourceTree = "<group>";
		};
		4D6130522F61B01A004069C8 /* Preview Content */ = {
			isa = PBXGroup;
			children = (
				4D6130532F61B01A004069C8 /* Preview Assets.xcassets */,
			);
			path = "Preview Content";
			sourceTree = "<group>";
		};
		4D61305A2F61B4EF004069C8 /* Views */ = {
			isa = PBXGroup;
			children = (
				4D61305B2F61B507004069C8 /* ListView.swift */,
				4D6130662F61C1BB004069C8 /* TaskListView.swift */,
				4DDF883D2F629A0800B7D877 /* SubTaskListView.swift */,
				4D61305D2F61B7E7004069C8 /* CreateView.swift */,
				4D6130682F61C514004069C8 /* UpdateView.swift */,
			);
			path = Views;
			sourceTree = "<group>";
		};
		4D61305F2F61BA47004069C8 /* Models */ = {
			isa = PBXGroup;
			children = (
				4D6130602F61BA83004069C8 /* TaskModel.swift */,
				4DDF883B2F62802A00B7D877 /* SubTaskModel.swift */,
			);
			path = Models;
			sourceTree = "<group>";
		};
		4D6130632F61BB64004069C8 /* ViewModels */ = {
			isa = PBXGroup;
			children = (
				4D6130642F61BBA3004069C8 /* TaskViewModel.swift */,
			);
			path = ViewModels;
			sourceTree = "<group>";
		};
/* End PBXGroup section */

/* Begin PBXNativeTarget section */
		4D6130482F61B015004069C8 /* DoMoreList */ = {
			isa = PBXNativeTarget;
			buildConfigurationList = 4D6130572F61B01A004069C8 /* Build configuration list for PBXNativeTarget "DoMoreList" */;
			buildPhases = (
				4D6130452F61B015004069C8 /* Sources */,
				4D6130462F61B015004069C8 /* Frameworks */,
				4D6130472F61B015004069C8 /* Resources */,
			);
			buildRules = (
			);
			dependencies = (
			);
			name = DoMoreList;
			productName = DoMoreList;
			productReference = 4D6130492F61B015004069C8 /* DoMoreList.app */;
			productType = "com.apple.product-type.application";
		};
/* End PBXNativeTarget section */

/* Begin PBXProject section */
		4D6130412F61B015004069C8 /* Project object */ = {
			isa = PBXProject;
			attributes = {
				BuildIndependentTargetsInParallel = 1;
				LastSwiftUpdateCheck = 1520;
				LastUpgradeCheck = 1520;
				TargetAttributes = {
					4D6130482F61B015004069C8 = {
						CreatedOnToolsVersion = 15.2;
					};
				};
			};
			buildConfigurationList = 4D6130442F61B015004069C8 /* Build configuration list for PBXProject "DoMoreList" */;
			compatibilityVersion = "Xcode 14.0";
			developmentRegion = en;
			hasScannedForEncodings = 0;
			knownRegions = (
				en,
				Base,
			);
			mainGroup = 4D6130402F61B015004069C8;
			productRefGroup = 4D61304A2F61B015004069C8 /* Products */;
			projectDirPath = "";
			projectRoot = "";
			targets = (
				4D6130482F61B015004069C8 /* DoMoreList */,
			);
		};
/* End PBXProject section */

/* Begin PBXResourcesBuildPhase section */
		4D6130472F61B015004069C8 /* Resources */ = {
			isa = PBXResourcesBuildPhase;
			buildActionMask = 2147483647;
			files = (
				4D6130542F61B01A004069C8 /* Preview Assets.xcassets in Resources */,
				4D6130512F61B01A004069C8 /* Assets.xcassets in Resources */,
			);
			runOnlyForDeploymentPostprocessing = 0;
		};
/* End PBXResourcesBuildPhase section */

/* Begin PBXSourcesBuildPhase section */
		4D6130452F61B015004069C8 /* Sources */ = {
			isa = PBXSourcesBuildPhase;
			buildActionMask = 2147483647;
			files = (
				4D61304D2F61B015004069C8 /* DoMoreListApp.swift in Sources */,
				4D61305E2F61B7E7004069C8 /* CreateView.swift in Sources */,
				4D6130612F61BA83004069C8 /* TaskModel.swift in Sources */,
				4DDF883C2F62802A00B7D877 /* SubTaskModel.swift in Sources */,
				4DDF883E2F629A0800B7D877 /* SubTaskListView.swift in Sources */,
				4D6130652F61BBA3004069C8 /* TaskViewModel.swift in Sources */,
				4D61305C2F61B507004069C8 /* ListView.swift in Sources */,
				4D6130692F61C514004069C8 /* UpdateView.swift in Sources */,
				4D6130672F61C1BB004069C8 /* TaskListView.swift in Sources */,
			);
			runOnlyForDeploymentPostprocessing = 0;
		};
/* End PBXSourcesBuildPhase section */

/* Begin XCBuildConfiguration section */
		4D6130552F61B01A004069C8 /* Debug */ = {
			isa = XCBuildConfiguration;
			buildSettings = {
				ALWAYS_SEARCH_USER_PATHS = NO;
				ASSETCATALOG_COMPILER_GENERATE_SWIFT_ASSET_SYMBOL_EXTENSIONS = YES;
				CLANG_ANALYZER_NONNULL = YES;
				CLANG_ANALYZER_NUMBER_OBJECT_CONVERSION = YES_AGGRESSIVE;
				CLANG_CXX_LANGUAGE_STANDARD = "gnu++20";
				CLANG_ENABLE_MODULES = YES;
				CLANG_ENABLE_OBJC_ARC = YES;
				CLANG_ENABLE_OBJC_WEAK = YES;
				CLANG_WARN_BLOCK_CAPTURE_AUTORELEASING = YES;
				CLANG_WARN_BOOL_CONVERSION = YES;
				CLANG_WARN_COMMA = YES;
				CLANG_WARN_CONSTANT_CONVERSION = YES;
				CLANG_WARN_DEPRECATED_OBJC_IMPLEMENTATIONS = YES;
				CLANG_WARN_DIRECT_OBJC_ISA_USAGE = YES_ERROR;
				CLANG_WARN_DOCUMENTATION_COMMENTS = YES;
				CLANG_WARN_EMPTY_BODY = YES;
				CLANG_WARN_ENUM_CONVERSION = YES;
				CLANG_WARN_INFINITE_RECURSION = YES;
				CLANG_WARN_INT_CONVERSION = YES;
				CLANG_WARN_NON_LITERAL_NULL_CONVERSION = YES;
				CLANG_WARN_OBJC_IMPLICIT_RETAIN_SELF = YES;
				CLANG_WARN_OBJC_LITERAL_CONVERSION = YES;
				CLANG_WARN_OBJC_ROOT_CLASS = YES_ERROR;
				CLANG_WARN_QUOTED_INCLUDE_IN_FRAMEWORK_HEADER = YES;
				CLANG_WARN_RANGE_LOOP_ANALYSIS = YES;
				CLANG_WARN_STRICT_PROTOTYPES = YES;
				CLANG_WARN_SUSPICIOUS_MOVE = YES;
				CLANG_WARN_UNGUARDED_AVAILABILITY = YES_AGGRESSIVE;
				CLANG_WARN_UNREACHABLE_CODE = YES;
				CLANG_WARN__DUPLICATE_METHOD_MATCH = YES;
				COPY_PHASE_STRIP = NO;
				DEBUG_INFORMATION_FORMAT = dwarf;
				ENABLE_STRICT_OBJC_MSGSEND = YES;
				ENABLE_TESTABILITY = YES;
				ENABLE_USER_SCRIPT_SANDBOXING = YES;
				GCC_C_LANGUAGE_STANDARD = gnu17;
				GCC_DYNAMIC_NO_PIC = NO;
				GCC_NO_COMMON_BLOCKS = YES;
				GCC_OPTIMIZATION_LEVEL = 0;
				GCC_PREPROCESSOR_DEFINITIONS = (
					"DEBUG=1",
					"$(inherited)",
				);
				GCC_WARN_64_TO_32_BIT_CONVERSION = YES;
				GCC_WARN_ABOUT_RETURN_TYPE = YES_ERROR;
				GCC_WARN_UNDECLARED_SELECTOR = YES;
				GCC_WARN_UNINITIALIZED_AUTOS = YES_AGGRESSIVE;
				GCC_WARN_UNUSED_FUNCTION = YES;
				GCC_WARN_UNUSED_VARIABLE = YES;
				IPHONEOS_DEPLOYMENT_TARGET = 17.2;
				LOCALIZATION_PREFERS_STRING_CATALOGS = YES;
				MTL_ENABLE_DEBUG_INFO = INCLUDE_SOURCE;
				MTL_FAST_MATH = YES;
				ONLY_ACTIVE_ARCH = YES;
				SDKROOT = iphoneos;
				SWIFT_ACTIVE_COMPILATION_CONDITIONS = "DEBUG $(inherited)";
				SWIFT_OPTIMIZATION_LEVEL = "-Onone";
			};
			name = Debug;
		};
		4D6130562F61B01A004069C8 /* Release */ = {
			isa = XCBuildConfiguration;
			buildSettings = {
				ALWAYS_SEARCH_USER_PATHS = NO;
				ASSETCATALOG_COMPILER_GENERATE_SWIFT_ASSET_SYMBOL_EXTENSIONS = YES;
				CLANG_ANALYZER_NONNULL = YES;
				CLANG_ANALYZER_NUMBER_OBJECT_CONVERSION = YES_AGGRESSIVE;
				CLANG_CXX_LANGUAGE_STANDARD = "gnu++20";
				CLANG_ENABLE_MODULES = YES;
				CLANG_ENABLE_OBJC_ARC = YES;
				CLANG_ENABLE_OBJC_WEAK = YES;
				CLANG_WARN_BLOCK_CAPTURE_AUTORELEASING = YES;
				CLANG_WARN_BOOL_CONVERSION = YES;
				CLANG_WARN_COMMA = YES;
				CLANG_WARN_CONSTANT_CONVERSION = YES;
				CLANG_WARN_DEPRECATED_OBJC_IMPLEMENTATIONS = YES;
				CLANG_WARN_DIRECT_OBJC_ISA_USAGE = YES_ERROR;
				CLANG_WARN_DOCUMENTATION_COMMENTS = YES;
				CLANG_WARN_EMPTY_BODY = YES;
				CLANG_WARN_ENUM_CONVERSION = YES;
				CLANG_WARN_INFINITE_RECURSION = YES;
				CLANG_WARN_INT_CONVERSION = YES;
				CLANG_WARN_NON_LITERAL_NULL_CONVERSION = YES;
				CLANG_WARN_OBJC_IMPLICIT_RETAIN_SELF = YES;
				CLANG_WARN_OBJC_LITERAL_CONVERSION = YES;
				CLANG_WARN_OBJC_ROOT_CLASS = YES_ERROR;
				CLANG_WARN_QUOTED_INCLUDE_IN_FRAMEWORK_HEADER = YES;
				CLANG_WARN_RANGE_LOOP_ANALYSIS = YES;
				CLANG_WARN_STRICT_PROTOTYPES = YES;
				CLANG_WARN_SUSPICIOUS_MOVE = YES;
				CLANG_WARN_UNGUARDED_AVAILABILITY = YES_AGGRESSIVE;
				CLANG_WARN_UNREACHABLE_CODE = YES;
				CLANG_WARN__DUPLICATE_METHOD_MATCH = YES;
				COPY_PHASE_STRIP = NO;
				DEBUG_INFORMATION_FORMAT = "dwarf-with-dsym";
				ENABLE_NS_ASSERTIONS = NO;
				ENABLE_STRICT_OBJC_MSGSEND = YES;
				ENABLE_USER_SCRIPT_SANDBOXING = YES;
				GCC_C_LANGUAGE_STANDARD = gnu17;
				GCC_NO_COMMON_BLOCKS = YES;
				GCC_WARN_64_TO_32_BIT_CONVERSION = YES;
				GCC_WARN_ABOUT_RETURN_TYPE = YES_ERROR;
				GCC_WARN_UNDECLARED_SELECTOR = YES;
				GCC_WARN_UNINITIALIZED_AUTOS = YES_AGGRESSIVE;
				GCC_WARN_UNUSED_FUNCTION = YES;
				GCC_WARN_UNUSED_VARIABLE = YES;
				IPHONEOS_DEPLOYMENT_TARGET = 17.2;
				LOCALIZATION_PREFERS_STRING_CATALOGS = YES;
				MTL_ENABLE_DEBUG_INFO = NO;
				MTL_FAST_MATH = YES;
				SDKROOT = iphoneos;
				SWIFT_COMPILATION_MODE = wholemodule;
				VALIDATE_PRODUCT = YES;
			};
			name = Release;
		};
		4D6130582F61B01A004069C8 /* Debug */ = {
			isa = XCBuildConfiguration;
			buildSettings = {
				ASSETCATALOG_COMPILER_APPICON_NAME = AppIcon;
				ASSETCATALOG_COMPILER_GLOBAL_ACCENT_COLOR_NAME = AccentColor;
				CODE_SIGN_STYLE = Automatic;
				CURRENT_PROJECT_VERSION = 1;
				DEVELOPMENT_ASSET_PATHS = "\"DoMoreList/Preview Content\"";
				ENABLE_PREVIEWS = YES;
				GENERATE_INFOPLIST_FILE = YES;
				INFOPLIST_KEY_UIApplicationSceneManifest_Generation = YES;
				INFOPLIST_KEY_UIApplicationSupportsIndirectInputEvents = YES;
				INFOPLIST_KEY_UILaunchScreen_Generation = YES;
				INFOPLIST_KEY_UISupportedInterfaceOrientations_iPad = "UIInterfaceOrientationPortrait UIInterfaceOrientationPortraitUpsideDown UIInterfaceOrientationLandscapeLeft UIInterfaceOrientationLandscapeRight";
				INFOPLIST_KEY_UISupportedInterfaceOrientations_iPhone = "UIInterfaceOrientationPortrait UIInterfaceOrientationLandscapeLeft UIInterfaceOrientationLandscapeRight";
				LD_RUNPATH_SEARCH_PATHS = (
					"$(inherited)",
					"@executable_path/Frameworks",
				);
				MARKETING_VERSION = 1.0;
				PRODUCT_BUNDLE_IDENTIFIER = com.marksalvadorbatas.DoMoreList;
				PRODUCT_NAME = "$(TARGET_NAME)";
				SWIFT_EMIT_LOC_STRINGS = YES;
				SWIFT_VERSION = 5.0;
				TARGETED_DEVICE_FAMILY = "1,2";
			};
			name = Debug;
		};
		4D6130592F61B01A004069C8 /* Release */ = {
			isa = XCBuildConfiguration;
			buildSettings = {
				ASSETCATALOG_COMPILER_APPICON_NAME = AppIcon;
				ASSETCATALOG_COMPILER_GLOBAL_ACCENT_COLOR_NAME = AccentColor;
				CODE_SIGN_STYLE = Automatic;
				CURRENT_PROJECT_VERSION = 1;
				DEVELOPMENT_ASSET_PATHS = "\"DoMoreList/Preview Content\"";
				ENABLE_PREVIEWS = YES;
				GENERATE_INFOPLIST_FILE = YES;
				INFOPLIST_KEY_UIApplicationSceneManifest_Generation = YES;
				INFOPLIST_KEY_UIApplicationSupportsIndirectInputEvents = YES;
				INFOPLIST_KEY_UILaunchScreen_Generation = YES;
				INFOPLIST_KEY_UISupportedInterfaceOrientations_iPad = "UIInterfaceOrientationPortrait UIInterfaceOrientationPortraitUpsideDown UIInterfaceOrientationLandscapeLeft UIInterfaceOrientationLandscapeRight";
				INFOPLIST_KEY_UISupportedInterfaceOrientations_iPhone = "UIInterfaceOrientationPortrait UIInterfaceOrientationLandscapeLeft UIInterfaceOrientationLandscapeRight";
				LD_RUNPATH_SEARCH_PATHS = (
					"$(inherited)",
					"@executable_path/Frameworks",
				);
				MARKETING_VERSION = 1.0;
				PRODUCT_BUNDLE_IDENTIFIER = com.marksalvadorbatas.DoMoreList;
				PRODUCT_NAME = "$(TARGET_NAME)";
				SWIFT_EMIT_LOC_STRINGS = YES;
				SWIFT_VERSION = 5.0;
				TARGETED_DEVICE_FAMILY = "1,2";
			};
			name = Release;
		};
/* End XCBuildConfiguration section */

/* Begin XCConfigurationList section */
		4D6130442F61B015004069C8 /* Build configuration list for PBXProject "DoMoreList" */ = {
			isa = XCConfigurationList;
			buildConfigurations = (
				4D6130552F61B01A004069C8 /* Debug */,
				4D6130562F61B01A004069C8 /* Release */,
			);
			defaultConfigurationIsVisible = 0;
			defaultConfigurationName = Release;
		};
		4D6130572F61B01A004069C8 /* Build configuration list for PBXNativeTarget "DoMoreList" */ = {
			isa = XCConfigurationList;
			buildConfigurations = (
				4D6130582F61B01A004069C8 /* Debug */,
				4D6130592F61B01A004069C8 /* Release */,
			);
			defaultConfigurationIsVisible = 0;
			defaultConfigurationName = Release;
		};
/* End XCConfigurationList section */
	};
	rootObject = 4D6130412F61B015004069C8 /* Project object */;
}
